
Microsoft Visual Studio Solution File, Format Version 12.00
# Visual Studio Version 16
VisualStudioVersion = 16.0.30523.141
MinimumVisualStudioVersion = 10.0.40219.1
Project("{FAE04EC0-301F-11D3-BF4B-00C04F79EFBC}") = "Practica1_Calculadora", "Practica1_Calculadora\Practica1_Calculadora.csproj", "{9BA9851B-288A-46C8-835F-7FB6B0502B60}"
EndProject
Global
	GlobalSection(SolutionConfigurationPlatforms) = preSolution
		Debug|Any CPU = Debug|Any CPU
		Release|Any CPU = Release|Any CPU
	EndGlobalSection
	GlobalSection(ProjectConfigurationPlatforms) = postSolution
		{9BA9851B-288A-46C8-835F-7FB6B0502B60}.Debug|Any CPU.ActiveCfg = Debug|Any CPU
		{9BA9851B-288A-46C8-835F-7FB6B0502B60}.Debug|Any CPU.Build.0 = Debug|Any CPU
		{9BA9851B-288A-46C8-835F-7FB6B0502B60}.Release|Any CPU.ActiveCfg = Release|Any CPU
		{9BA9851B-288A-46C8-835F-7FB6B0502B60}.Release|Any CPU.Build.0 = Release|Any CPU
	EndGlobalSection
	GlobalSection(SolutionProperties) = preSolution
		HideSolutionNode = FALSE
	EndGlobalSection
	GlobalSection(ExtensibilityGlobals) = postSolution
		SolutionGuid = {64C6AEA8-94A9-4244-B20D-85CCC48AFD02}
	EndGlobalSection
EndGlobal
