
Microsoft Visual Studio Solution File, Format Version 12.00
# Visual Studio Version 16
VisualStudioVersion = 16.0.30523.141
MinimumVisualStudioVersion = 10.0.40219.1
Project("{FAE04EC0-301F-11D3-BF4B-00C04F79EFBC}") = "ProyecSuma", "ProyecSuma\ProyecSuma.csproj", "{4427B5A9-BEA9-49AA-8176-F529D66A109E}"
EndProject
Global
	GlobalSection(SolutionConfigurationPlatforms) = preSolution
		Debug|Any CPU = Debug|Any CPU
		Release|Any CPU = Release|Any CPU
	EndGlobalSection
	GlobalSection(ProjectConfigurationPlatforms) = postSolution
		{4427B5A9-BEA9-49AA-8176-F529D66A109E}.Debug|Any CPU.ActiveCfg = Debug|Any CPU
		{4427B5A9-BEA9-49AA-8176-F529D66A109E}.Debug|Any CPU.Build.0 = Debug|Any CPU
		{4427B5A9-BEA9-49AA-8176-F529D66A109E}.Release|Any CPU.ActiveCfg = Release|Any CPU
		{4427B5A9-BEA9-49AA-8176-F529D66A109E}.Release|Any CPU.Build.0 = Release|Any CPU
	EndGlobalSection
	GlobalSection(SolutionProperties) = preSolution
		HideSolutionNode = FALSE
	EndGlobalSection
	GlobalSection(ExtensibilityGlobals) = postSolution
		SolutionGuid = {80C12D7E-7CA3-4E91-BF2C-A8EA4B926646}
	EndGlobalSection
EndGlobal
